// !$*UTF8*$!
{
	archiveVersion = 1;
	classes = {
	};
	objectVersion = 51;
	objects = {

/* Begin PBXBuildFile section */
		326B7CB124CBEB5A00FB6DE2 /* Memo.swift in Sources */ = {isa = PBXBuildFile; fileRef = 326B7CB024CBEB5A00FB6DE2 /* Memo.swift */; };
		32C0BDC524CBE52E00DD9DED /* AppDelegate.swift in Sources */ = {isa = PBXBuildFile; fileRef = 32C0BDC424CBE52E00DD9DED /* AppDelegate.swift */; };
		32C0BDC724CBE52E00DD9DED /* SceneDelegate.swift in Sources */ = {isa = PBXBuildFile; fileRef = 32C0BDC624CBE52E00DD9DED /* SceneDelegate.swift */; };
		32C0BDC924CBE52E00DD9DED /* ViewController.swift in Sources */ = {isa = PBXBuildFile; fileRef = 32C0BDC824CBE52E00DD9DED /* ViewController.swift */; };
		32C0BDCC24CBE52E00DD9DED /* Main.storyboard in Resources */ = {isa = PBXBuildFile; fileRef = 32C0BDCA24CBE52E00DD9DED /* Main.storyboard */; };
		32C0BDCE24CBE53000DD9DED /* Assets.xcassets in Resources */ = {isa = PBXBuildFile; fileRef = 32C0BDCD24CBE53000DD9DED /* Assets.xcassets */; };
		32C0BDD124CBE53000DD9DED /* LaunchScreen.storyboard in Resources */ = {isa = PBXBuildFile; fileRef = 32C0BDCF24CBE53000DD9DED /* LaunchScreen.storyboard */; };
		32FDB57224D3CF1D0033BED8 /* LoginViewController.swift in Sources */ = {isa = PBXBuildFile; fileRef = 32FDB57124D3CF1D0033BED8 /* LoginViewController.swift */; };
		32FDB57424D6854B0033BED8 /* encryptUserInformation.swift in Sources */ = {isa = PBXBuildFile; fileRef = 32FDB57324D6854B0033BED8 /* encryptUserInformation.swift */; };
		6F0EF3C84B1B2A5B4A701F62 /* Pods_MyTweet.framework in Frameworks */ = {isa = PBXBuildFile; fileRef = 26A0269E3A7BDA3FCEA6C746 /* Pods_MyTweet.framework */; };
/* End PBXBuildFile section */

/* Begin PBXFileReference section */
		26A0269E3A7BDA3FCEA6C746 /* Pods_MyTweet.framework */ = {isa = PBXFileReference; explicitFileType = wrapper.framework; includeInIndex = 0; path = Pods_MyTweet.framework; sourceTree = BUILT_PRODUCTS_DIR; };
		326B7CB024CBEB5A00FB6DE2 /* Memo.swift */ = {isa = PBXFileReference; lastKnownFileType = sourcecode.swift; path = Memo.swift; sourceTree = "<group>"; };
		32C0BDC124CBE52E00DD9DED /* MyTweet.app */ = {isa = PBXFileReference; explicitFileType = wrapper.application; includeInIndex = 0; path = MyTweet.app; sourceTree = BUILT_PRODUCTS_DIR; };
		32C0BDC424CBE52E00DD9DED /* AppDelegate.swift */ = {isa = PBXFileReference; lastKnownFileType = sourcecode.swift; path = AppDelegate.swift; sourceTree = "<group>"; };
		32C0BDC624CBE52E00DD9DED /* SceneDelegate.swift */ = {isa = PBXFileReference; lastKnownFileType = sourcecode.swift; path = SceneDelegate.swift; sourceTree = "<group>"; };
		32C0BDC824CBE52E00DD9DED /* ViewController.swift */ = {isa = PBXFileReference; lastKnownFileType = sourcecode.swift; path = ViewController.swift; sourceTree = "<group>"; };
		32C0BDCB24CBE52E00DD9DED /* Base */ = {isa = PBXFileReference; lastKnownFileType = file.storyboard; name = Base; path = Base.lproj/Main.storyboard; sourceTree = "<group>"; };
		32C0BDCD24CBE53000DD9DED /* Assets.xcassets */ = {isa = PBXFileReference; lastKnownFileType = folder.assetcatalog; path = Assets.xcassets; sourceTree = "<group>"; };
		32C0BDD024CBE53000DD9DED /* Base */ = {isa = PBXFileReference; lastKnownFileType = file.storyboard; name = Base; path = Base.lproj/LaunchScreen.storyboard; sourceTree = "<group>"; };
		32C0BDD224CBE53000DD9DED /* Info.plist */ = {isa = PBXFileReference; lastKnownFileType = text.plist.xml; path = Info.plist; sourceTree = "<group>"; };
		32FDB57124D3CF1D0033BED8 /* LoginViewController.swift */ = {isa = PBXFileReference; lastKnownFileType = sourcecode.swift; path = LoginViewController.swift; sourceTree = "<group>"; };
		32FDB57324D6854B0033BED8 /* encryptUserInformation.swift */ = {isa = PBXFileReference; lastKnownFileType = sourcecode.swift; path = encryptUserInformation.swift; sourceTree = "<group>"; };
		334196CAE4636FD8325DC53E /* Pods-MyTweet.release.xcconfig */ = {isa = PBXFileReference; includeInIndex = 1; lastKnownFileType = text.xcconfig; name = "Pods-MyTweet.release.xcconfig"; path = "Target Support Files/Pods-MyTweet/Pods-MyTweet.release.xcconfig"; sourceTree = "<group>"; };
		C7F66DC9615E7D9EAA2EC235 /* Pods-MyTweet.debug.xcconfig */ = {isa = PBXFileReference; includeInIndex = 1; lastKnownFileType = text.xcconfig; name = "Pods-MyTweet.debug.xcconfig"; path = "Target Support Files/Pods-MyTweet/Pods-MyTweet.debug.xcconfig"; sourceTree = "<group>"; };
/* End PBXFileReference section */

/* Begin PBXFrameworksBuildPhase section */
		32C0BDBE24CBE52E00DD9DED /* Frameworks */ = {
			isa = PBXFrameworksBuildPhase;
			buildActionMask = 2147483647;
			files = (
				6F0EF3C84B1B2A5B4A701F62 /* Pods_MyTweet.framework in Frameworks */,
			);
			runOnlyForDeploymentPostprocessing = 0;
		};
/* End PBXFrameworksBuildPhase section */

/* Begin PBXGroup section */
		326B7CAC24CBEB2A00FB6DE2 /* Model Manager */ = {
			isa = PBXGroup;
			children = (
				32FDB57324D6854B0033BED8 /* encryptUserInformation.swift */,
			);
			path = "Model Manager";
			sourceTree = "<group>";
		};
		326B7CAD24CBEB3700FB6DE2 /* Model Object */ = {
			isa = PBXGroup;
			children = (
				326B7CB024CBEB5A00FB6DE2 /* Memo.swift */,
			);
			path = "Model Object";
			sourceTree = "<group>";
		};
		32C0BDB824CBE52E00DD9DED = {
			isa = PBXGroup;
			children = (
				326B7CAD24CBEB3700FB6DE2 /* Model Object */,
				326B7CAC24CBEB2A00FB6DE2 /* Model Manager */,
				32C0BDC324CBE52E00DD9DED /* MyTweet */,
				32C0BDC224CBE52E00DD9DED /* Products */,
				E9AC2206D04D599ABFD2E3C6 /* Pods */,
				BA926B4CBFB3C465A68EFC97 /* Frameworks */,
			);
			sourceTree = "<group>";
		};
		32C0BDC224CBE52E00DD9DED /* Products */ = {
			isa = PBXGroup;
			children = (
				32C0BDC124CBE52E00DD9DED /* MyTweet.app */,
			);
			name = Products;
			sourceTree = "<group>";
		};
		32C0BDC324CBE52E00DD9DED /* MyTweet */ = {
			isa = PBXGroup;
			children = (
				32C0BDC424CBE52E00DD9DED /* AppDelegate.swift */,
				32C0BDC624CBE52E00DD9DED /* SceneDelegate.swift */,
				32C0BDC824CBE52E00DD9DED /* ViewController.swift */,
				32C0BDCA24CBE52E00DD9DED /* Main.storyboard */,
				32FDB57124D3CF1D0033BED8 /* LoginViewController.swift */,
				32C0BDCD24CBE53000DD9DED /* Assets.xcassets */,
				32C0BDCF24CBE53000DD9DED /* LaunchScreen.storyboard */,
				32C0BDD224CBE53000DD9DED /* Info.plist */,
			);
			path = MyTweet;
			sourceTree = "<group>";
		};
		BA926B4CBFB3C465A68EFC97 /* Frameworks */ = {
			isa = PBXGroup;
			children = (
				26A0269E3A7BDA3FCEA6C746 /* Pods_MyTweet.framework */,
			);
			name = Frameworks;
			sourceTree = "<group>";
		};
		E9AC2206D04D599ABFD2E3C6 /* Pods */ = {
			isa = PBXGroup;
			children = (
				C7F66DC9615E7D9EAA2EC235 /* Pods-MyTweet.debug.xcconfig */,
				334196CAE4636FD8325DC53E /* Pods-MyTweet.release.xcconfig */,
			);
			path = Pods;
			sourceTree = "<group>";
		};
/* End PBXGroup section */

/* Begin PBXNativeTarget section */
		32C0BDC024CBE52E00DD9DED /* MyTweet */ = {
			isa = PBXNativeTarget;
			buildConfigurationList = 32C0BDD524CBE53000DD9DED /* Build configuration list for PBXNativeTarget "MyTweet" */;
			buildPhases = (
				971DB5693DFBA59AE409B4A8 /* [CP] Check Pods Manifest.lock */,
				32C0BDBD24CBE52E00DD9DED /* Sources */,
				32C0BDBE24CBE52E00DD9DED /* Frameworks */,
				32C0BDBF24CBE52E00DD9DED /* Resources */,
				37D9136A1928BA8115AA1206 /* [CP] Embed Pods Frameworks */,
			);
			buildRules = (
			);
			dependencies = (
			);
			name = MyTweet;
			productName = MyTweet;
			productReference = 32C0BDC124CBE52E00DD9DED /* MyTweet.app */;
			productType = "com.apple.product-type.application";
		};
/* End PBXNativeTarget section */

/* Begin PBXProject section */
		32C0BDB924CBE52E00DD9DED /* Project object */ = {
			isa = PBXProject;
			attributes = {
				LastSwiftUpdateCheck = 1150;
				LastUpgradeCheck = 1150;
				ORGANIZATIONNAME = fumiya.soeno;
				TargetAttributes = {
					32C0BDC024CBE52E00DD9DED = {
						CreatedOnToolsVersion = 11.5;
					};
				};
			};
			buildConfigurationList = 32C0BDBC24CBE52E00DD9DED /* Build configuration list for PBXProject "MyTweet" */;
			compatibilityVersion = "Xcode 9.3";
			developmentRegion = en;
			hasScannedForEncodings = 0;
			knownRegions = (
				en,
				Base,
			);
			mainGroup = 32C0BDB824CBE52E00DD9DED;
			productRefGroup = 32C0BDC224CBE52E00DD9DED /* Products */;
			projectDirPath = "";
			projectRoot = "";
			targets = (
				32C0BDC024CBE52E00DD9DED /* MyTweet */,
			);
		};
/* End PBXProject section */

/* Begin PBXResourcesBuildPhase section */
		32C0BDBF24CBE52E00DD9DED /* Resources */ = {
			isa = PBXResourcesBuildPhase;
			buildActionMask = 2147483647;
			files = (
				32C0BDD124CBE53000DD9DED /* LaunchScreen.storyboard in Resources */,
				32C0BDCE24CBE53000DD9DED /* Assets.xcassets in Resources */,
				32C0BDCC24CBE52E00DD9DED /* Main.storyboard in Resources */,
			);
			runOnlyForDeploymentPostprocessing = 0;
		};
/* End PBXResourcesBuildPhase section */

/* Begin PBXShellScriptBuildPhase section */
		37D9136A1928BA8115AA1206 /* [CP] Embed Pods Frameworks */ = {
			isa = PBXShellScriptBuildPhase;
			buildActionMask = 2147483647;
			files = (
			);
			inputFileListPaths = (
				"${PODS_ROOT}/Target Support Files/Pods-MyTweet/Pods-MyTweet-frameworks-${CONFIGURATION}-input-files.xcfilelist",
			);
			name = "[CP] Embed Pods Frameworks";
			outputFileListPaths = (
				"${PODS_ROOT}/Target Support Files/Pods-MyTweet/Pods-MyTweet-frameworks-${CONFIGURATION}-output-files.xcfilelist",
			);
			runOnlyForDeploymentPostprocessing = 0;
			shellPath = /bin/sh;
			shellScript = "\"${PODS_ROOT}/Target Support Files/Pods-MyTweet/Pods-MyTweet-frameworks.sh\"\n";
			showEnvVarsInLog = 0;
		};
		971DB5693DFBA59AE409B4A8 /* [CP] Check Pods Manifest.lock */ = {
			isa = PBXShellScriptBuildPhase;
			buildActionMask = 2147483647;
			files = (
			);
			inputFileListPaths = (
			);
			inputPaths = (
				"${PODS_PODFILE_DIR_PATH}/Podfile.lock",
				"${PODS_ROOT}/Manifest.lock",
			);
			name = "[CP] Check Pods Manifest.lock";
			outputFileListPaths = (
			);
			outputPaths = (
				"$(DERIVED_FILE_DIR)/Pods-MyTweet-checkManifestLockResult.txt",
			);
			runOnlyForDeploymentPostprocessing = 0;
			shellPath = /bin/sh;
			shellScript = "diff \"${PODS_PODFILE_DIR_PATH}/Podfile.lock\" \"${PODS_ROOT}/Manifest.lock\" > /dev/null\nif [ $? != 0 ] ; then\n    # print error to STDERR\n    echo \"error: The sandbox is not in sync with the Podfile.lock. Run 'pod install' or update your CocoaPods installation.\" >&2\n    exit 1\nfi\n# This output is used by Xcode 'outputs' to avoid re-running this script phase.\necho \"SUCCESS\" > \"${SCRIPT_OUTPUT_FILE_0}\"\n";
			showEnvVarsInLog = 0;
		};
/* End PBXShellScriptBuildPhase section */

/* Begin PBXSourcesBuildPhase section */
		32C0BDBD24CBE52E00DD9DED /* Sources */ = {
			isa = PBXSourcesBuildPhase;
			buildActionMask = 2147483647;
			files = (
				32FDB57224D3CF1D0033BED8 /* LoginViewController.swift in Sources */,
				32FDB57424D6854B0033BED8 /* encryptUserInformation.swift in Sources */,
				32C0BDC924CBE52E00DD9DED /* ViewController.swift in Sources */,
				32C0BDC524CBE52E00DD9DED /* AppDelegate.swift in Sources */,
				32C0BDC724CBE52E00DD9DED /* SceneDelegate.swift in Sources */,
				326B7CB124CBEB5A00FB6DE2 /* Memo.swift in Sources */,
			);
			runOnlyForDeploymentPostprocessing = 0;
		};
/* End PBXSourcesBuildPhase section */

/* Begin PBXVariantGroup section */
		32C0BDCA24CBE52E00DD9DED /* Main.storyboard */ = {
			isa = PBXVariantGroup;
			children = (
				32C0BDCB24CBE52E00DD9DED /* Base */,
			);
			name = Main.storyboard;
			sourceTree = "<group>";
		};
		32C0BDCF24CBE53000DD9DED /* LaunchScreen.storyboard */ = {
			isa = PBXVariantGroup;
			children = (
				32C0BDD024CBE53000DD9DED /* Base */,
			);
			name = LaunchScreen.storyboard;
			sourceTree = "<group>";
		};
/* End PBXVariantGroup section */

/* Begin XCBuildConfiguration section */
		32C0BDD324CBE53000DD9DED /* Debug */ = {
			isa = XCBuildConfiguration;
			buildSettings = {
				ALWAYS_SEARCH_USER_PATHS = NO;
				CLANG_ANALYZER_NONNULL = YES;
				CLANG_ANALYZER_NUMBER_OBJECT_CONVERSION = YES_AGGRESSIVE;
				CLANG_CXX_LANGUAGE_STANDARD = "gnu++14";
				CLANG_CXX_LIBRARY = "libc++";
				CLANG_ENABLE_MODULES = YES;
				CLANG_ENABLE_OBJC_ARC = YES;
				CLANG_ENABLE_OBJC_WEAK = YES;
				CLANG_WARN_BLOCK_CAPTURE_AUTORELEASING = YES;
				CLANG_WARN_BOOL_CONVERSION = YES;
				CLANG_WARN_COMMA = YES;
				CLANG_WARN_CONSTANT_CONVERSION = YES;
				CLANG_WARN_DEPRECATED_OBJC_IMPLEMENTATIONS = YES;
				CLANG_WARN_DIRECT_OBJC_ISA_USAGE = YES_ERROR;
				CLANG_WARN_DOCUMENTATION_COMMENTS = YES;
				CLANG_WARN_EMPTY_BODY = YES;
				CLANG_WARN_ENUM_CONVERSION = YES;
				CLANG_WARN_INFINITE_RECURSION = YES;
				CLANG_WARN_INT_CONVERSION = YES;
				CLANG_WARN_NON_LITERAL_NULL_CONVERSION = YES;
				CLANG_WARN_OBJC_IMPLICIT_RETAIN_SELF = YES;
				CLANG_WARN_OBJC_LITERAL_CONVERSION = YES;
				CLANG_WARN_OBJC_ROOT_CLASS = YES_ERROR;
				CLANG_WARN_RANGE_LOOP_ANALYSIS = YES;
				CLANG_WARN_STRICT_PROTOTYPES = YES;
				CLANG_WARN_SUSPICIOUS_MOVE = YES;
				CLANG_WARN_UNGUARDED_AVAILABILITY = YES_AGGRESSIVE;
				CLANG_WARN_UNREACHABLE_CODE = YES;
				CLANG_WARN__DUPLICATE_METHOD_MATCH = YES;
				COPY_PHASE_STRIP = NO;
				DEBUG_INFORMATION_FORMAT = dwarf;
				ENABLE_STRICT_OBJC_MSGSEND = YES;
				ENABLE_TESTABILITY = YES;
				GCC_C_LANGUAGE_STANDARD = gnu11;
				GCC_DYNAMIC_NO_PIC = NO;
				GCC_NO_COMMON_BLOCKS = YES;
				GCC_OPTIMIZATION_LEVEL = 0;
				GCC_PREPROCESSOR_DEFINITIONS = (
					"DEBUG=1",
					"$(inherited)",
				);
				GCC_WARN_64_TO_32_BIT_CONVERSION = YES;
				GCC_WARN_ABOUT_RETURN_TYPE = YES_ERROR;
				GCC_WARN_UNDECLARED_SELECTOR = YES;
				GCC_WARN_UNINITIALIZED_AUTOS = YES_AGGRESSIVE;
				GCC_WARN_UNUSED_FUNCTION = YES;
				GCC_WARN_UNUSED_VARIABLE = YES;
				IPHONEOS_DEPLOYMENT_TARGET = 13.5;
				MTL_ENABLE_DEBUG_INFO = INCLUDE_SOURCE;
				MTL_FAST_MATH = YES;
				ONLY_ACTIVE_ARCH = YES;
				SDKROOT = iphoneos;
				SWIFT_ACTIVE_COMPILATION_CONDITIONS = DEBUG;
				SWIFT_OPTIMIZATION_LEVEL = "-Onone";
			};
			name = Debug;
		};
		32C0BDD424CBE53000DD9DED /* Release */ = {
			isa = XCBuildConfiguration;
			buildSettings = {
				ALWAYS_SEARCH_USER_PATHS = NO;
				CLANG_ANALYZER_NONNULL = YES;
				CLANG_ANALYZER_NUMBER_OBJECT_CONVERSION = YES_AGGRESSIVE;
				CLANG_CXX_LANGUAGE_STANDARD = "gnu++14";
				CLANG_CXX_LIBRARY = "libc++";
				CLANG_ENABLE_MODULES = YES;
				CLANG_ENABLE_OBJC_ARC = YES;
				CLANG_ENABLE_OBJC_WEAK = YES;
				CLANG_WARN_BLOCK_CAPTURE_AUTORELEASING = YES;
				CLANG_WARN_BOOL_CONVERSION = YES;
				CLANG_WARN_COMMA = YES;
				CLANG_WARN_CONSTANT_CONVERSION = YES;
				CLANG_WARN_DEPRECATED_OBJC_IMPLEMENTATIONS = YES;
				CLANG_WARN_DIRECT_OBJC_ISA_USAGE = YES_ERROR;
				CLANG_WARN_DOCUMENTATION_COMMENTS = YES;
				CLANG_WARN_EMPTY_BODY = YES;
				CLANG_WARN_ENUM_CONVERSION = YES;
				CLANG_WARN_INFINITE_RECURSION = YES;
				CLANG_WARN_INT_CONVERSION = YES;
				CLANG_WARN_NON_LITERAL_NULL_CONVERSION = YES;
				CLANG_WARN_OBJC_IMPLICIT_RETAIN_SELF = YES;
				CLANG_WARN_OBJC_LITERAL_CONVERSION = YES;
				CLANG_WARN_OBJC_ROOT_CLASS = YES_ERROR;
				CLANG_WARN_RANGE_LOOP_ANALYSIS = YES;
				CLANG_WARN_STRICT_PROTOTYPES = YES;
				CLANG_WARN_SUSPICIOUS_MOVE = YES;
				CLANG_WARN_UNGUARDED_AVAILABILITY = YES_AGGRESSIVE;
				CLANG_WARN_UNREACHABLE_CODE = YES;
				CLANG_WARN__DUPLICATE_METHOD_MATCH = YES;
				COPY_PHASE_STRIP = NO;
				DEBUG_INFORMATION_FORMAT = "dwarf-with-dsym";
				ENABLE_NS_ASSERTIONS = NO;
				ENABLE_STRICT_OBJC_MSGSEND = YES;
				GCC_C_LANGUAGE_STANDARD = gnu11;
				GCC_NO_COMMON_BLOCKS = YES;
				GCC_WARN_64_TO_32_BIT_CONVERSION = YES;
				GCC_WARN_ABOUT_RETURN_TYPE = YES_ERROR;
				GCC_WARN_UNDECLARED_SELECTOR = YES;
				GCC_WARN_UNINITIALIZED_AUTOS = YES_AGGRESSIVE;
				GCC_WARN_UNUSED_FUNCTION = YES;
				GCC_WARN_UNUSED_VARIABLE = YES;
				IPHONEOS_DEPLOYMENT_TARGET = 13.5;
				MTL_ENABLE_DEBUG_INFO = NO;
				MTL_FAST_MATH = YES;
				SDKROOT = iphoneos;
				SWIFT_COMPILATION_MODE = wholemodule;
				SWIFT_OPTIMIZATION_LEVEL = "-O";
				VALIDATE_PRODUCT = YES;
			};
			name = Release;
		};
		32C0BDD624CBE53000DD9DED /* Debug */ = {
			isa = XCBuildConfiguration;
			baseConfigurationReference = C7F66DC9615E7D9EAA2EC235 /* Pods-MyTweet.debug.xcconfig */;
			buildSettings = {
				ASSETCATALOG_COMPILER_APPICON_NAME = AppIcon;
				CODE_SIGN_STYLE = Automatic;
				DEVELOPMENT_TEAM = FU567G25XF;
				INFOPLIST_FILE = MyTweet/Info.plist;
				LD_RUNPATH_SEARCH_PATHS = (
					"$(inherited)",
					"@executable_path/Frameworks",
				);
				PRODUCT_BUNDLE_IDENTIFIER = info.onseo.MyTweet;
				PRODUCT_NAME = "$(TARGET_NAME)";
				SWIFT_VERSION = 5.0;
				TARGETED_DEVICE_FAMILY = "1,2";
			};
			name = Debug;
		};
		32C0BDD724CBE53000DD9DED /* Release */ = {
			isa = XCBuildConfiguration;
			baseConfigurationReference = 334196CAE4636FD8325DC53E /* Pods-MyTweet.release.xcconfig */;
			buildSettings = {
				ASSETCATALOG_COMPILER_APPICON_NAME = AppIcon;
				CODE_SIGN_STYLE = Automatic;
				DEVELOPMENT_TEAM = FU567G25XF;
				INFOPLIST_FILE = MyTweet/Info.plist;
				LD_RUNPATH_SEARCH_PATHS = (
					"$(inherited)",
					"@executable_path/Frameworks",
				);
				PRODUCT_BUNDLE_IDENTIFIER = info.onseo.MyTweet;
				PRODUCT_NAME = "$(TARGET_NAME)";
				SWIFT_VERSION = 5.0;
				TARGETED_DEVICE_FAMILY = "1,2";
			};
			name = Release;
		};
/* End XCBuildConfiguration section */

/* Begin XCConfigurationList section */
		32C0BDBC24CBE52E00DD9DED /* Build configuration list for PBXProject "MyTweet" */ = {
			isa = XCConfigurationList;
			buildConfigurations = (
				32C0BDD324CBE53000DD9DED /* Debug */,
				32C0BDD424CBE53000DD9DED /* Release */,
			);
			defaultConfigurationIsVisible = 0;
			defaultConfigurationName = Release;
		};
		32C0BDD524CBE53000DD9DED /* Build configuration list for PBXNativeTarget "MyTweet" */ = {
			isa = XCConfigurationList;
			buildConfigurations = (
				32C0BDD624CBE53000DD9DED /* Debug */,
				32C0BDD724CBE53000DD9DED /* Release */,
			);
			defaultConfigurationIsVisible = 0;
			defaultConfigurationName = Release;
		};
/* End XCConfigurationList section */
	};
	rootObject = 32C0BDB924CBE52E00DD9DED /* Project object */;
}
